
Microsoft Visual Studio Solution File, Format Version 12.00
# Visual Studio Version 17
VisualStudioVersion = 17.2.32616.157
MinimumVisualStudioVersion = 10.0.40219.1
Project("{2150E333-8FDC-42A3-9474-1A3956D46DE8}") = "src", "src", "{D6ED202E-9D83-4627-A219-1FEA21AFE072}"
EndProject
Project("{2150E333-8FDC-42A3-9474-1A3956D46DE8}") = "tests", "tests", "{DEE4FC2E-0436-45EE-AA0D-1B9479FDE19D}"
EndProject
Project("{2150E333-8FDC-42A3-9474-1A3956D46DE8}") = "Services", "Services", "{36FE1A33-3B61-4E59-B6D6-2B710C020DFB}"
EndProject
Project("{2150E333-8FDC-42A3-9474-1A3956D46DE8}") = "Vending", "Vending", "{48A1F301-6888-4D07-99EA-EF6827C4A96B}"
EndProject
Project("{9A19103F-16F7-4668-BE54-9A1E7A4F7556}") = "Vending.API", "src\Services\Catalog\Catalog.API\Vending.API.csproj", "{8C8A7F49-1D56-4865-8F02-2E1EC1FC0B28}"
EndProject
Project("{9A19103F-16F7-4668-BE54-9A1E7A4F7556}") = "Vending.Domain", "src\Services\Catalog\Catalog.Domain\Vending.Domain.csproj", "{7B35E627-9F55-4ADC-A22C-E1009BB3C9F3}"
EndProject
Project("{9A19103F-16F7-4668-BE54-9A1E7A4F7556}") = "Vending.Application", "src\Services\Catalog\Catalog.Application\Vending.Application.csproj", "{280E5AB8-E0F7-4D09-8A13-986B455CAE2C}"
EndProject
Project("{9A19103F-16F7-4668-BE54-9A1E7A4F7556}") = "Vending.Infrastructure", "src\Services\Catalog\Catalog.Infrastructure\Vending.Infrastructure.csproj", "{EC7F2C17-2576-4E9B-9B13-6B16EDEABA7E}"
EndProject
Project("{2150E333-8FDC-42A3-9474-1A3956D46DE8}") = "Common", "Common", "{03465364-C6DF-493C-A138-A8CB08C8AE23}"
EndProject
Project("{9A19103F-16F7-4668-BE54-9A1E7A4F7556}") = "Domain", "src\Common\Domain\Domain.csproj", "{3CDDB14E-2725-4EBC-A257-25877F7B8C23}"
EndProject
Project("{9A19103F-16F7-4668-BE54-9A1E7A4F7556}") = "Application", "src\Common\Application\Application\Application.csproj", "{DE277F54-5AA2-4F56-8E94-2271B1F1EFB8}"
EndProject
Project("{9A19103F-16F7-4668-BE54-9A1E7A4F7556}") = "EventBus.Messages", "src\Common\EventBus.Messages\EventBus.Messages.csproj", "{A9AC8F26-A7A1-4806-9972-FA494222332E}"
EndProject
Project("{E53339B2-1760-4266-BCC7-CA923CBCF16C}") = "docker-compose", "docker-compose.dcproj", "{CE4F12E3-1DA1-42A6-8709-2B3EF34D16DE}"
EndProject
Project("{2150E333-8FDC-42A3-9474-1A3956D46DE8}") = "Ordering", "Ordering", "{CBFCA486-8493-4795-85B8-577EFFE176B5}"
EndProject
Project("{9A19103F-16F7-4668-BE54-9A1E7A4F7556}") = "Ordering.API", "src\Services\Ordering\Ordering.API\Ordering.API.csproj", "{159202AF-3161-4AEA-9861-DA1547167545}"
EndProject
Project("{FAE04EC0-301F-11D3-BF4B-00C04F79EFBC}") = "Vending.Test", "tests\Vending.Test\Vending.Test.csproj", "{BAB6CF3B-4320-4988-864C-BE8ADF78E9A5}"
EndProject
Global
	GlobalSection(SolutionConfigurationPlatforms) = preSolution
		Debug|Any CPU = Debug|Any CPU
		Release|Any CPU = Release|Any CPU
	EndGlobalSection
	GlobalSection(ProjectConfigurationPlatforms) = postSolution
		{8C8A7F49-1D56-4865-8F02-2E1EC1FC0B28}.Debug|Any CPU.ActiveCfg = Debug|Any CPU
		{8C8A7F49-1D56-4865-8F02-2E1EC1FC0B28}.Debug|Any CPU.Build.0 = Debug|Any CPU
		{8C8A7F49-1D56-4865-8F02-2E1EC1FC0B28}.Release|Any CPU.ActiveCfg = Release|Any CPU
		{8C8A7F49-1D56-4865-8F02-2E1EC1FC0B28}.Release|Any CPU.Build.0 = Release|Any CPU
		{7B35E627-9F55-4ADC-A22C-E1009BB3C9F3}.Debug|Any CPU.ActiveCfg = Debug|Any CPU
		{7B35E627-9F55-4ADC-A22C-E1009BB3C9F3}.Debug|Any CPU.Build.0 = Debug|Any CPU
		{7B35E627-9F55-4ADC-A22C-E1009BB3C9F3}.Release|Any CPU.ActiveCfg = Release|Any CPU
		{7B35E627-9F55-4ADC-A22C-E1009BB3C9F3}.Release|Any CPU.Build.0 = Release|Any CPU
		{280E5AB8-E0F7-4D09-8A13-986B455CAE2C}.Debug|Any CPU.ActiveCfg = Debug|Any CPU
		{280E5AB8-E0F7-4D09-8A13-986B455CAE2C}.Debug|Any CPU.Build.0 = Debug|Any CPU
		{280E5AB8-E0F7-4D09-8A13-986B455CAE2C}.Release|Any CPU.ActiveCfg = Release|Any CPU
		{280E5AB8-E0F7-4D09-8A13-986B455CAE2C}.Release|Any CPU.Build.0 = Release|Any CPU
		{EC7F2C17-2576-4E9B-9B13-6B16EDEABA7E}.Debug|Any CPU.ActiveCfg = Debug|Any CPU
		{EC7F2C17-2576-4E9B-9B13-6B16EDEABA7E}.Debug|Any CPU.Build.0 = Debug|Any CPU
		{EC7F2C17-2576-4E9B-9B13-6B16EDEABA7E}.Release|Any CPU.ActiveCfg = Release|Any CPU
		{EC7F2C17-2576-4E9B-9B13-6B16EDEABA7E}.Release|Any CPU.Build.0 = Release|Any CPU
		{3CDDB14E-2725-4EBC-A257-25877F7B8C23}.Debug|Any CPU.ActiveCfg = Debug|Any CPU
		{3CDDB14E-2725-4EBC-A257-25877F7B8C23}.Debug|Any CPU.Build.0 = Debug|Any CPU
		{3CDDB14E-2725-4EBC-A257-25877F7B8C23}.Release|Any CPU.ActiveCfg = Release|Any CPU
		{3CDDB14E-2725-4EBC-A257-25877F7B8C23}.Release|Any CPU.Build.0 = Release|Any CPU
		{DE277F54-5AA2-4F56-8E94-2271B1F1EFB8}.Debug|Any CPU.ActiveCfg = Debug|Any CPU
		{DE277F54-5AA2-4F56-8E94-2271B1F1EFB8}.Debug|Any CPU.Build.0 = Debug|Any CPU
		{DE277F54-5AA2-4F56-8E94-2271B1F1EFB8}.Release|Any CPU.ActiveCfg = Release|Any CPU
		{DE277F54-5AA2-4F56-8E94-2271B1F1EFB8}.Release|Any CPU.Build.0 = Release|Any CPU
		{A9AC8F26-A7A1-4806-9972-FA494222332E}.Debug|Any CPU.ActiveCfg = Debug|Any CPU
		{A9AC8F26-A7A1-4806-9972-FA494222332E}.Debug|Any CPU.Build.0 = Debug|Any CPU
		{A9AC8F26-A7A1-4806-9972-FA494222332E}.Release|Any CPU.ActiveCfg = Release|Any CPU
		{A9AC8F26-A7A1-4806-9972-FA494222332E}.Release|Any CPU.Build.0 = Release|Any CPU
		{CE4F12E3-1DA1-42A6-8709-2B3EF34D16DE}.Debug|Any CPU.ActiveCfg = Debug|Any CPU
		{CE4F12E3-1DA1-42A6-8709-2B3EF34D16DE}.Debug|Any CPU.Build.0 = Debug|Any CPU
		{CE4F12E3-1DA1-42A6-8709-2B3EF34D16DE}.Release|Any CPU.ActiveCfg = Release|Any CPU
		{CE4F12E3-1DA1-42A6-8709-2B3EF34D16DE}.Release|Any CPU.Build.0 = Release|Any CPU
		{159202AF-3161-4AEA-9861-DA1547167545}.Debug|Any CPU.ActiveCfg = Debug|Any CPU
		{159202AF-3161-4AEA-9861-DA1547167545}.Debug|Any CPU.Build.0 = Debug|Any CPU
		{159202AF-3161-4AEA-9861-DA1547167545}.Release|Any CPU.ActiveCfg = Release|Any CPU
		{159202AF-3161-4AEA-9861-DA1547167545}.Release|Any CPU.Build.0 = Release|Any CPU
		{BAB6CF3B-4320-4988-864C-BE8ADF78E9A5}.Debug|Any CPU.ActiveCfg = Debug|Any CPU
		{BAB6CF3B-4320-4988-864C-BE8ADF78E9A5}.Debug|Any CPU.Build.0 = Debug|Any CPU
		{BAB6CF3B-4320-4988-864C-BE8ADF78E9A5}.Release|Any CPU.ActiveCfg = Release|Any CPU
		{BAB6CF3B-4320-4988-864C-BE8ADF78E9A5}.Release|Any CPU.Build.0 = Release|Any CPU
	EndGlobalSection
	GlobalSection(SolutionProperties) = preSolution
		HideSolutionNode = FALSE
	EndGlobalSection
	GlobalSection(NestedProjects) = preSolution
		{36FE1A33-3B61-4E59-B6D6-2B710C020DFB} = {D6ED202E-9D83-4627-A219-1FEA21AFE072}
		{48A1F301-6888-4D07-99EA-EF6827C4A96B} = {36FE1A33-3B61-4E59-B6D6-2B710C020DFB}
		{8C8A7F49-1D56-4865-8F02-2E1EC1FC0B28} = {48A1F301-6888-4D07-99EA-EF6827C4A96B}
		{7B35E627-9F55-4ADC-A22C-E1009BB3C9F3} = {48A1F301-6888-4D07-99EA-EF6827C4A96B}
		{280E5AB8-E0F7-4D09-8A13-986B455CAE2C} = {48A1F301-6888-4D07-99EA-EF6827C4A96B}
		{EC7F2C17-2576-4E9B-9B13-6B16EDEABA7E} = {48A1F301-6888-4D07-99EA-EF6827C4A96B}
		{03465364-C6DF-493C-A138-A8CB08C8AE23} = {D6ED202E-9D83-4627-A219-1FEA21AFE072}
		{3CDDB14E-2725-4EBC-A257-25877F7B8C23} = {03465364-C6DF-493C-A138-A8CB08C8AE23}
		{DE277F54-5AA2-4F56-8E94-2271B1F1EFB8} = {03465364-C6DF-493C-A138-A8CB08C8AE23}
		{A9AC8F26-A7A1-4806-9972-FA494222332E} = {03465364-C6DF-493C-A138-A8CB08C8AE23}
		{CBFCA486-8493-4795-85B8-577EFFE176B5} = {36FE1A33-3B61-4E59-B6D6-2B710C020DFB}
		{159202AF-3161-4AEA-9861-DA1547167545} = {CBFCA486-8493-4795-85B8-577EFFE176B5}
		{BAB6CF3B-4320-4988-864C-BE8ADF78E9A5} = {DEE4FC2E-0436-45EE-AA0D-1B9479FDE19D}
	EndGlobalSection
	GlobalSection(ExtensibilityGlobals) = postSolution
		SolutionGuid = {11E529D8-B20F-4220-9193-AB5E2F714964}
	EndGlobalSection
EndGlobal
